schema: '2.0'
stages:
  load_data:
    cmd: python src/load_data.py --config=params.yaml
    deps:
    - path: data_given/Train.csv
      md5: e0df0a56f3f03c084c828b29aaa0f314
      size: 869537
    - path: src/get_data.py
      md5: db7730736da9e3274083bc90eccf7000
      size: 682
    - path: src/load_data.py
      md5: 4fe577f8a024fa046615e518c618621f
      size: 688
    outs:
    - path: data/raw/Train.csv
      md5: 31a6c2b57b8b546ed879d016ea968740
      size: 901506
  preprocessed_data:
    cmd: python src/preprocessed_data.py --config=params.yaml
    deps:
    - path: data/raw/Train.csv
      md5: 31a6c2b57b8b546ed879d016ea968740
      size: 901506
    - path: src/preprocessed_data.py
      md5: d3aac3800fc2fb5ad10d3c47d38960ba
      size: 3593
    outs:
    - path: data/processed/processed_Train.csv
      md5: 7682153e7d9cebf9085e89d3649bb3fb
      size: 1360528
  split_data:
    cmd: python src/split_data.py --config=params.yaml
    deps:
    - path: data/processed/processed_Train.csv
      md5: 7682153e7d9cebf9085e89d3649bb3fb
      size: 1360528
    - path: src/split_data.py
      md5: 0484bdfbdf817eb407184184254c759b
      size: 1725
    outs:
    - path: data/processed/test_data.csv
      md5: f1e244022ecceaf0b529daf9d6bbdcfa
      size: 155933
    - path: data/processed/train_data.csv
      md5: c5da5cd16749d055d368a34b9d9c0571
      size: 622751
  train_and_evaluate:
    cmd: python src/train_and_evaluate.py --config=params.yaml
    deps:
    - path: data/processed/test_data.csv
      md5: f1e244022ecceaf0b529daf9d6bbdcfa
      size: 155933
    - path: data/processed/train_data.csv
      md5: c5da5cd16749d055d368a34b9d9c0571
      size: 622751
    - path: src/train_and_evaluate.py
      md5: bba5cbf4870571f337db06561d737ff9
      size: 3985
    params:
      params.yaml:
        estimators.RandomForestRegressor.params.max_depth:
        - 5
        - 10
        - 15
        - 20
        - 25
        - 30
        estimators.RandomForestRegressor.params.max_features:
        - 1.0
        - sqrt
        estimators.RandomForestRegressor.params.min_samples_leaf:
        - 1
        - 2
        - 5
        - 10
        estimators.RandomForestRegressor.params.min_samples_split:
        - 2
        - 5
        - 10
        - 15
        - 100
        estimators.RandomForestRegressor.params.n_estimators:
        - 100
        - 200
        - 300
        - 400
        - 500
        - 600
        - 700
        - 800
        - 900
        - 1000
        - 1100
        - 1200
    outs:
    - path: report/params.json
      md5: 296d6c4b3604d0ddda9dd03895efa20d
      size: 551
    - path: report/scores.json
      md5: 7865cb2591cbb92e5dd81346620d45f2
      size: 100
    - path: saved_models/model.joblib
      md5: 02a5285b76ea0413cfa84f7881436144
      size: 35047972
