schema: '2.0'
stages:
  load_data:
    cmd: python src/load_data.py --config=params.yaml
    deps:
    - path: data_given/Train.csv
      md5: e0df0a56f3f03c084c828b29aaa0f314
      size: 869537
    - path: src/get_data.py
      md5: db7730736da9e3274083bc90eccf7000
      size: 682
    - path: src/load_data.py
      md5: 4fe577f8a024fa046615e518c618621f
      size: 688
    outs:
    - path: data/raw/Train.csv
      md5: 31a6c2b57b8b546ed879d016ea968740
      size: 901506
  preprocessed_data:
    cmd: python src/preprocessed_data.py --config=params.yaml
    deps:
    - path: data/raw/Train.csv
      md5: 31a6c2b57b8b546ed879d016ea968740
      size: 901506
    - path: src/preprocessed_data.py
      md5: d3aac3800fc2fb5ad10d3c47d38960ba
      size: 3593
    outs:
    - path: data/processed/processed_Train.csv
      md5: 7682153e7d9cebf9085e89d3649bb3fb
      size: 1360528
